
Microsoft Visual Studio Solution File, Format Version 12.00
# Visual Studio Version 16
VisualStudioVersion = 16.0.30907.101
MinimumVisualStudioVersion = 10.0.40219.1
Project("{FAE04EC0-301F-11D3-BF4B-00C04F79EFBC}") = "JavaScript", "JavaScript.csproj", "{1662B97E-5450-477D-B848-8990FD25A917}"
EndProject
Global
	GlobalSection(SolutionConfigurationPlatforms) = preSolution
		Debug|Any CPU = Debug|Any CPU
		Release|Any CPU = Release|Any CPU
	EndGlobalSection
	GlobalSection(ProjectConfigurationPlatforms) = postSolution
		{1662B97E-5450-477D-B848-8990FD25A917}.Debug|Any CPU.ActiveCfg = Debug|Any CPU
		{1662B97E-5450-477D-B848-8990FD25A917}.Debug|Any CPU.Build.0 = Debug|Any CPU
		{1662B97E-5450-477D-B848-8990FD25A917}.Release|Any CPU.ActiveCfg = Release|Any CPU
		{1662B97E-5450-477D-B848-8990FD25A917}.Release|Any CPU.Build.0 = Release|Any CPU
	EndGlobalSection
	GlobalSection(SolutionProperties) = preSolution
		HideSolutionNode = FALSE
	EndGlobalSection
	GlobalSection(ExtensibilityGlobals) = postSolution
		SolutionGuid = {6858E7C7-79FD-492D-952B-82EC49D2E637}
	EndGlobalSection
EndGlobal
